
Microsoft Visual Studio Solution File, Format Version 12.00
# Visual Studio Version 17
VisualStudioVersion = 17.4.33213.308
MinimumVisualStudioVersion = 10.0.40219.1
Project("{FAE04EC0-301F-11D3-BF4B-00C04F79EFBC}") = "CalculoFormsApp", "CalculoFormsApp.csproj", "{9E101B6D-476F-4194-81E8-B0A896B60133}"
EndProject
Global
	GlobalSection(SolutionConfigurationPlatforms) = preSolution
		Debug|Any CPU = Debug|Any CPU
		Release|Any CPU = Release|Any CPU
	EndGlobalSection
	GlobalSection(ProjectConfigurationPlatforms) = postSolution
		{9E101B6D-476F-4194-81E8-B0A896B60133}.Debug|Any CPU.ActiveCfg = Debug|Any CPU
		{9E101B6D-476F-4194-81E8-B0A896B60133}.Debug|Any CPU.Build.0 = Debug|Any CPU
		{9E101B6D-476F-4194-81E8-B0A896B60133}.Release|Any CPU.ActiveCfg = Release|Any CPU
		{9E101B6D-476F-4194-81E8-B0A896B60133}.Release|Any CPU.Build.0 = Release|Any CPU
	EndGlobalSection
	GlobalSection(SolutionProperties) = preSolution
		HideSolutionNode = FALSE
	EndGlobalSection
	GlobalSection(ExtensibilityGlobals) = postSolution
		SolutionGuid = {DBE07411-5F44-4574-9C80-4F3EA4628A36}
	EndGlobalSection
EndGlobal
